
Microsoft Visual Studio Solution File, Format Version 12.00
# Visual Studio Version 17
VisualStudioVersion = 17.4.33122.133
MinimumVisualStudioVersion = 10.0.40219.1
Project("{FAE04EC0-301F-11D3-BF4B-00C04F79EFBC}") = "DashboardScrumWindowsFormApp", "DashboardScrumWindowsFormApp\DashboardScrumWindowsFormApp.csproj", "{0BCA63D3-DD1D-41BE-A01B-8A1532F3EC8C}"
EndProject
Global
	GlobalSection(SolutionConfigurationPlatforms) = preSolution
		Debug|Any CPU = Debug|Any CPU
		Release|Any CPU = Release|Any CPU
	EndGlobalSection
	GlobalSection(ProjectConfigurationPlatforms) = postSolution
		{0BCA63D3-DD1D-41BE-A01B-8A1532F3EC8C}.Debug|Any CPU.ActiveCfg = Debug|Any CPU
		{0BCA63D3-DD1D-41BE-A01B-8A1532F3EC8C}.Debug|Any CPU.Build.0 = Debug|Any CPU
		{0BCA63D3-DD1D-41BE-A01B-8A1532F3EC8C}.Release|Any CPU.ActiveCfg = Release|Any CPU
		{0BCA63D3-DD1D-41BE-A01B-8A1532F3EC8C}.Release|Any CPU.Build.0 = Release|Any CPU
	EndGlobalSection
	GlobalSection(SolutionProperties) = preSolution
		HideSolutionNode = FALSE
	EndGlobalSection
	GlobalSection(ExtensibilityGlobals) = postSolution
		SolutionGuid = {62E47E96-B976-4B9B-9B9E-6C317579886E}
	EndGlobalSection
EndGlobal
